<?xml version="1.0" encoding="utf-8"?>
<Project ToolsVersion="4.0" xmlns="http://schemas.microsoft.com/developer/msbuild/2003">
  <ItemGroup>
    <Filter Include="Common">
      <UniqueIdentifier>11a33f35-e002-4bb4-90ba-197247a55f5b</UniqueIdentifier>
    </Filter>
    <Filter Include="Assets">
      <UniqueIdentifier>4e92589b-22ce-4692-9106-4ed47419f864</UniqueIdentifier>
      <Extensions>ico;cur;bmp;dds;dlg;fbx;rct;bin;rgs;gif;jpg;jpeg;jpe;resx;tga;tiff;tif;png;wav;mfcribbon-ms</Extensions>
    </Filter>
    <Filter Include="ForceGenerators">
      <UniqueIdentifier>{643e2d35-cc56-4e1d-a4dd-abf44a95988b}</UniqueIdentifier>
    </Filter>
  </ItemGroup>
  <ItemGroup>
    <ClInclude Include="pch.h" />
    <ClInclude Include="Game.h" />
    <ClInclude Include="StepTimer.h">
      <Filter>Common</Filter>
    </ClInclude>
    <ClInclude Include="DeviceResources.h">
      <Filter>Common</Filter>
    </ClInclude>
    <ClInclude Include="Camera.h" />
    <ClInclude Include="Particle.h" />
    <ClInclude Include="ParticleForceRegistry.h" />
    <ClInclude Include="ParticleRenderer.h" />
    <ClInclude Include="ParticleForceGenerator.h">
      <Filter>ForceGenerators</Filter>
    </ClInclude>
    <ClInclude Include="ParticleDragForceGenerator.h">
      <Filter>ForceGenerators</Filter>
    </ClInclude>
    <ClInclude Include="ParticleSpringForceGenerator.h">
      <Filter>ForceGenerators</Filter>
    </ClInclude>
    <ClInclude Include="ParticleGravityForceGenerator.h">
      <Filter>ForceGenerators</Filter>
    </ClInclude>
    <ClInclude Include="ParticleBungeeForceGenerator.h">
      <Filter>ForceGenerators</Filter>
    </ClInclude>
    <ClInclude Include="ParticleWorld.h" />
    <ClInclude Include="ParticleContactGenerators.h" />
    <ClInclude Include="Platform.h" />
    <ClInclude Include="ParticleContactResolver.h" />
    <ClInclude Include="ParticleContact.h" />
    <ClInclude Include="BlizzardParticleEmitter.h" />
  </ItemGroup>
  <ItemGroup>
    <ClCompile Include="pch.cpp" />
    <ClCompile Include="Game.cpp" />
    <ClCompile Include="Main.cpp" />
    <ClCompile Include="DeviceResources.cpp">
      <Filter>Common</Filter>
    </ClCompile>
    <ClCompile Include="Camera.cpp" />
    <ClCompile Include="Particle.cpp" />
    <ClCompile Include="ParticleForceRegistry.cpp" />
    <ClCompile Include="ParticleRenderer.cpp" />
    <ClCompile Include="ParticleDragForceGenerator.cpp">
      <Filter>ForceGenerators</Filter>
    </ClCompile>
    <ClCompile Include="ParticleSpringForceGenerator.cpp">
      <Filter>ForceGenerators</Filter>
    </ClCompile>
    <ClCompile Include="ParticleGravityForceGenerator.cpp">
      <Filter>ForceGenerators</Filter>
    </ClCompile>
    <ClCompile Include="ParticleBungeeForceGenerator.cpp">
      <Filter>ForceGenerators</Filter>
    </ClCompile>
    <ClCompile Include="ParticleWorld.cpp" />
    <ClCompile Include="ParticleContactGenerators.cpp" />
    <ClCompile Include="Platform.cpp" />
    <ClCompile Include="ParticleContactResolver.cpp" />
    <ClCompile Include="ParticleContact.cpp" />
    <ClCompile Include="BlizzardParticleEmitter.cpp" />
  </ItemGroup>
  <ItemGroup>
    <ResourceCompile Include="resource.rc" />
  </ItemGroup>
  <ItemGroup>
    <Image Include="directx.ico">
      <Filter>Assets</Filter>
    </Image>
  </ItemGroup>
  <ItemGroup>
    <Manifest Include="settings.manifest">
      <Filter>Assets</Filter>
    </Manifest>
  </ItemGroup>
  <ItemGroup>
    <None Include="packages.config" />
  </ItemGroup>
</Project>